
Microsoft Visual Studio Solution File, Format Version 12.00
# Visual Studio Version 17
VisualStudioVersion = 17.5.33516.290
MinimumVisualStudioVersion = 10.0.40219.1
Project("{FAE04EC0-301F-11D3-BF4B-00C04F79EFBC}") = "ConsoleApp2", "ConsoleApp2\ConsoleApp2.csproj", "{01A537BA-9B2F-4FF1-82BF-E41E57D3F4A9}"
EndProject
Global
	GlobalSection(SolutionConfigurationPlatforms) = preSolution
		Debug|Any CPU = Debug|Any CPU
		Release|Any CPU = Release|Any CPU
	EndGlobalSection
	GlobalSection(ProjectConfigurationPlatforms) = postSolution
		{01A537BA-9B2F-4FF1-82BF-E41E57D3F4A9}.Debug|Any CPU.ActiveCfg = Debug|Any CPU
		{01A537BA-9B2F-4FF1-82BF-E41E57D3F4A9}.Debug|Any CPU.Build.0 = Debug|Any CPU
		{01A537BA-9B2F-4FF1-82BF-E41E57D3F4A9}.Release|Any CPU.ActiveCfg = Release|Any CPU
		{01A537BA-9B2F-4FF1-82BF-E41E57D3F4A9}.Release|Any CPU.Build.0 = Release|Any CPU
	EndGlobalSection
	GlobalSection(SolutionProperties) = preSolution
		HideSolutionNode = FALSE
	EndGlobalSection
	GlobalSection(ExtensibilityGlobals) = postSolution
		SolutionGuid = {62877B1F-9907-4280-9924-54B0BA8A7212}
	EndGlobalSection
EndGlobal
